
Microsoft Visual Studio Solution File, Format Version 12.00
# Visual Studio Version 16
VisualStudioVersion = 16.0.31112.23
MinimumVisualStudioVersion = 10.0.40219.1
Project("{F184B08F-C81C-45F6-A57F-5ABD9991F28F}") = "Sistema ERP", "Sistema ERP\Sistema ERP.vbproj", "{0C46F3DB-5165-4826-B5FA-062DDAE29295}"
EndProject
Project("{F184B08F-C81C-45F6-A57F-5ABD9991F28F}") = "DATOS", "DATOS\DATOS.vbproj", "{B2FFF808-C709-4AB8-8109-185066B89CD0}"
EndProject
Project("{F184B08F-C81C-45F6-A57F-5ABD9991F28F}") = "NEGOCIO", "NEGOCIO\NEGOCIO.vbproj", "{9C959684-982B-4B36-A4F0-6CA287B99356}"
EndProject
Global
	GlobalSection(SolutionConfigurationPlatforms) = preSolution
		Debug|Any CPU = Debug|Any CPU
		Release|Any CPU = Release|Any CPU
	EndGlobalSection
	GlobalSection(ProjectConfigurationPlatforms) = postSolution
		{0C46F3DB-5165-4826-B5FA-062DDAE29295}.Debug|Any CPU.ActiveCfg = Debug|Any CPU
		{0C46F3DB-5165-4826-B5FA-062DDAE29295}.Debug|Any CPU.Build.0 = Debug|Any CPU
		{0C46F3DB-5165-4826-B5FA-062DDAE29295}.Release|Any CPU.ActiveCfg = Release|Any CPU
		{0C46F3DB-5165-4826-B5FA-062DDAE29295}.Release|Any CPU.Build.0 = Release|Any CPU
		{B2FFF808-C709-4AB8-8109-185066B89CD0}.Debug|Any CPU.ActiveCfg = Debug|Any CPU
		{B2FFF808-C709-4AB8-8109-185066B89CD0}.Debug|Any CPU.Build.0 = Debug|Any CPU
		{B2FFF808-C709-4AB8-8109-185066B89CD0}.Release|Any CPU.ActiveCfg = Release|Any CPU
		{B2FFF808-C709-4AB8-8109-185066B89CD0}.Release|Any CPU.Build.0 = Release|Any CPU
		{9C959684-982B-4B36-A4F0-6CA287B99356}.Debug|Any CPU.ActiveCfg = Debug|Any CPU
		{9C959684-982B-4B36-A4F0-6CA287B99356}.Debug|Any CPU.Build.0 = Debug|Any CPU
		{9C959684-982B-4B36-A4F0-6CA287B99356}.Release|Any CPU.ActiveCfg = Release|Any CPU
		{9C959684-982B-4B36-A4F0-6CA287B99356}.Release|Any CPU.Build.0 = Release|Any CPU
	EndGlobalSection
	GlobalSection(SolutionProperties) = preSolution
		HideSolutionNode = FALSE
	EndGlobalSection
	GlobalSection(ExtensibilityGlobals) = postSolution
		SolutionGuid = {86F5B15E-9C61-4E31-9A1B-640DAC0AD4A3}
	EndGlobalSection
EndGlobal
